// !$*UTF8*$!
{
	archiveVersion = 1;
	classes = {
	};
	objectVersion = 50;
	objects = {

/* Begin PBXBuildFile section */
		6E0408AF230DD8A900459653 /* Assets.xcassets in Resources */ = {isa = PBXBuildFile; fileRef = 6E0408AE230DD8A900459653 /* Assets.xcassets */; };
		6E0663BC2343C79300E04979 /* LoadMovies.swift in Sources */ = {isa = PBXBuildFile; fileRef = 6E0663BA2343C79300E04979 /* LoadMovies.swift */; };
		6E0663BE2343C83000E04979 /* Movie.swift in Sources */ = {isa = PBXBuildFile; fileRef = 6E0663BD2343C83000E04979 /* Movie.swift */; };
		6E4E4F8B2343CDF500A1893C /* LaunchScreen.storyboard in Resources */ = {isa = PBXBuildFile; fileRef = 6E4E4F882343CDF400A1893C /* LaunchScreen.storyboard */; };
		6E4E4F8C2343CDF500A1893C /* Main.storyboard in Resources */ = {isa = PBXBuildFile; fileRef = 6E4E4F892343CDF400A1893C /* Main.storyboard */; };
		6E4E4F942343CED200A1893C /* AppDelegate.swift in Sources */ = {isa = PBXBuildFile; fileRef = 6E4E4F932343CED200A1893C /* AppDelegate.swift */; };
		6E4E4F952343CFE200A1893C /* MovieViewController.swift in Sources */ = {isa = PBXBuildFile; fileRef = 6E710A322343CB8C00FBF7CB /* MovieViewController.swift */; };
		6E4E4F962343CFE800A1893C /* FirstViewController.swift in Sources */ = {isa = PBXBuildFile; fileRef = 6E710A332343CB8C00FBF7CB /* FirstViewController.swift */; };
		6E4E4F972343CFEB00A1893C /* TableViewController.swift in Sources */ = {isa = PBXBuildFile; fileRef = 6E710A342343CB8C00FBF7CB /* TableViewController.swift */; };
/* End PBXBuildFile section */

/* Begin PBXFileReference section */
		6E0408AE230DD8A900459653 /* Assets.xcassets */ = {isa = PBXFileReference; lastKnownFileType = folder.assetcatalog; path = Assets.xcassets; sourceTree = "<group>"; };
		6E0663BA2343C79300E04979 /* LoadMovies.swift */ = {isa = PBXFileReference; fileEncoding = 4; lastKnownFileType = sourcecode.swift; name = LoadMovies.swift; path = ../Movies/LoadMovies.swift; sourceTree = "<group>"; };
		6E0663BD2343C83000E04979 /* Movie.swift */ = {isa = PBXFileReference; lastKnownFileType = sourcecode.swift; path = Movie.swift; sourceTree = "<group>"; };
		6E4DDF9422F7278900C979ED /* Movies.app */ = {isa = PBXFileReference; explicitFileType = wrapper.application; includeInIndex = 0; path = Movies.app; sourceTree = BUILT_PRODUCTS_DIR; };
		6E4E4F882343CDF400A1893C /* LaunchScreen.storyboard */ = {isa = PBXFileReference; fileEncoding = 4; lastKnownFileType = file.storyboard; name = LaunchScreen.storyboard; path = ../LaunchScreen.storyboard; sourceTree = "<group>"; };
		6E4E4F892343CDF400A1893C /* Main.storyboard */ = {isa = PBXFileReference; fileEncoding = 4; lastKnownFileType = file.storyboard; name = Main.storyboard; path = ../Main.storyboard; sourceTree = "<group>"; };
		6E4E4F8F2343CE8900A1893C /* Info.plist */ = {isa = PBXFileReference; fileEncoding = 4; lastKnownFileType = text.plist.xml; path = Info.plist; sourceTree = "<group>"; };
		6E4E4F932343CED200A1893C /* AppDelegate.swift */ = {isa = PBXFileReference; fileEncoding = 4; lastKnownFileType = sourcecode.swift; path = AppDelegate.swift; sourceTree = "<group>"; };
		6E710A322343CB8C00FBF7CB /* MovieViewController.swift */ = {isa = PBXFileReference; lastKnownFileType = sourcecode.swift; name = MovieViewController.swift; path = ../../Controllers/MovieViewController.swift; sourceTree = "<group>"; };
		6E710A332343CB8C00FBF7CB /* FirstViewController.swift */ = {isa = PBXFileReference; lastKnownFileType = sourcecode.swift; name = FirstViewController.swift; path = ../../Controllers/FirstViewController.swift; sourceTree = "<group>"; };
		6E710A342343CB8C00FBF7CB /* TableViewController.swift */ = {isa = PBXFileReference; lastKnownFileType = sourcecode.swift; name = TableViewController.swift; path = ../../Controllers/TableViewController.swift; sourceTree = "<group>"; };
/* End PBXFileReference section */

/* Begin PBXFrameworksBuildPhase section */
		6E4DDF9122F7278900C979ED /* Frameworks */ = {
			isa = PBXFrameworksBuildPhase;
			buildActionMask = 2147483647;
			files = (
			);
			runOnlyForDeploymentPostprocessing = 0;
		};
/* End PBXFrameworksBuildPhase section */

/* Begin PBXGroup section */
		6E4DDF8B22F7278900C979ED = {
			isa = PBXGroup;
			children = (
				6E0408AE230DD8A900459653 /* Assets.xcassets */,
				6E4DDF9622F7278900C979ED /* Movies */,
				6E4DDF9522F7278900C979ED /* Products */,
			);
			sourceTree = "<group>";
		};
		6E4DDF9522F7278900C979ED /* Products */ = {
			isa = PBXGroup;
			children = (
				6E4DDF9422F7278900C979ED /* Movies.app */,
			);
			name = Products;
			sourceTree = "<group>";
		};
		6E4DDF9622F7278900C979ED /* Movies */ = {
			isa = PBXGroup;
			children = (
				6E710A352343CB8C00FBF7CB /* Controllers */,
				6E4DDFA922F7297500C979ED /* Model */,
				6E4E4F982343D1D500A1893C /* View */,
				6E4E4F932343CED200A1893C /* AppDelegate.swift */,
				6E4E4F8F2343CE8900A1893C /* Info.plist */,
			);
			path = Movies;
			sourceTree = "<group>";
		};
		6E4DDFA922F7297500C979ED /* Model */ = {
			isa = PBXGroup;
			children = (
				6E0663BD2343C83000E04979 /* Movie.swift */,
			);
			name = Model;
			sourceTree = "<group>";
		};
		6E4E4F982343D1D500A1893C /* View */ = {
			isa = PBXGroup;
			children = (
				6E710A322343CB8C00FBF7CB /* MovieViewController.swift */,
				6E710A332343CB8C00FBF7CB /* FirstViewController.swift */,
				6E710A342343CB8C00FBF7CB /* TableViewController.swift */,
				6E4E4F882343CDF400A1893C /* LaunchScreen.storyboard */,
				6E4E4F892343CDF400A1893C /* Main.storyboard */,
			);
			name = View;
			path = /Users/liza/GitHub/movies/Movies/View;
			sourceTree = "<absolute>";
		};
		6E710A352343CB8C00FBF7CB /* Controllers */ = {
			isa = PBXGroup;
			children = (
				6E0663BA2343C79300E04979 /* LoadMovies.swift */,
			);
			name = Controllers;
			path = /Users/liza/GitHub/movies/Controllers;
			sourceTree = "<absolute>";
		};
/* End PBXGroup section */

/* Begin PBXNativeTarget section */
		6E4DDF9322F7278900C979ED /* Movies */ = {
			isa = PBXNativeTarget;
			buildConfigurationList = 6E4DDFA622F7278D00C979ED /* Build configuration list for PBXNativeTarget "Movies" */;
			buildPhases = (
				6E4DDF9022F7278900C979ED /* Sources */,
				6E4DDF9122F7278900C979ED /* Frameworks */,
				6E4DDF9222F7278900C979ED /* Resources */,
			);
			buildRules = (
			);
			dependencies = (
			);
			name = Movies;
			productName = Movies;
			productReference = 6E4DDF9422F7278900C979ED /* Movies.app */;
			productType = "com.apple.product-type.application";
		};
/* End PBXNativeTarget section */

/* Begin PBXProject section */
		6E4DDF8C22F7278900C979ED /* Project object */ = {
			isa = PBXProject;
			attributes = {
				LastSwiftUpdateCheck = 1020;
				LastUpgradeCheck = 1020;
				ORGANIZATIONNAME = "Elizaveta Prokudina";
				TargetAttributes = {
					6E4DDF9322F7278900C979ED = {
						CreatedOnToolsVersion = 10.2.1;
					};
				};
			};
			buildConfigurationList = 6E4DDF8F22F7278900C979ED /* Build configuration list for PBXProject "Movies" */;
			compatibilityVersion = "Xcode 9.3";
			developmentRegion = en;
			hasScannedForEncodings = 0;
			knownRegions = (
				en,
				Base,
			);
			mainGroup = 6E4DDF8B22F7278900C979ED;
			productRefGroup = 6E4DDF9522F7278900C979ED /* Products */;
			projectDirPath = "";
			projectRoot = "";
			targets = (
				6E4DDF9322F7278900C979ED /* Movies */,
			);
		};
/* End PBXProject section */

/* Begin PBXResourcesBuildPhase section */
		6E4DDF9222F7278900C979ED /* Resources */ = {
			isa = PBXResourcesBuildPhase;
			buildActionMask = 2147483647;
			files = (
				6E0408AF230DD8A900459653 /* Assets.xcassets in Resources */,
				6E4E4F8C2343CDF500A1893C /* Main.storyboard in Resources */,
				6E4E4F8B2343CDF500A1893C /* LaunchScreen.storyboard in Resources */,
			);
			runOnlyForDeploymentPostprocessing = 0;
		};
/* End PBXResourcesBuildPhase section */

/* Begin PBXSourcesBuildPhase section */
		6E4DDF9022F7278900C979ED /* Sources */ = {
			isa = PBXSourcesBuildPhase;
			buildActionMask = 2147483647;
			files = (
				6E4E4F962343CFE800A1893C /* FirstViewController.swift in Sources */,
				6E4E4F972343CFEB00A1893C /* TableViewController.swift in Sources */,
				6E4E4F942343CED200A1893C /* AppDelegate.swift in Sources */,
				6E0663BE2343C83000E04979 /* Movie.swift in Sources */,
				6E0663BC2343C79300E04979 /* LoadMovies.swift in Sources */,
				6E4E4F952343CFE200A1893C /* MovieViewController.swift in Sources */,
			);
			runOnlyForDeploymentPostprocessing = 0;
		};
/* End PBXSourcesBuildPhase section */

/* Begin XCBuildConfiguration section */
		6E4DDFA422F7278D00C979ED /* Debug */ = {
			isa = XCBuildConfiguration;
			buildSettings = {
				ALWAYS_SEARCH_USER_PATHS = NO;
				CLANG_ANALYZER_NONNULL = YES;
				CLANG_ANALYZER_NUMBER_OBJECT_CONVERSION = YES_AGGRESSIVE;
				CLANG_CXX_LANGUAGE_STANDARD = "gnu++14";
				CLANG_CXX_LIBRARY = "libc++";
				CLANG_ENABLE_MODULES = YES;
				CLANG_ENABLE_OBJC_ARC = YES;
				CLANG_ENABLE_OBJC_WEAK = YES;
				CLANG_WARN_BLOCK_CAPTURE_AUTORELEASING = YES;
				CLANG_WARN_BOOL_CONVERSION = YES;
				CLANG_WARN_COMMA = YES;
				CLANG_WARN_CONSTANT_CONVERSION = YES;
				CLANG_WARN_DEPRECATED_OBJC_IMPLEMENTATIONS = YES;
				CLANG_WARN_DIRECT_OBJC_ISA_USAGE = YES_ERROR;
				CLANG_WARN_DOCUMENTATION_COMMENTS = YES;
				CLANG_WARN_EMPTY_BODY = YES;
				CLANG_WARN_ENUM_CONVERSION = YES;
				CLANG_WARN_INFINITE_RECURSION = YES;
				CLANG_WARN_INT_CONVERSION = YES;
				CLANG_WARN_NON_LITERAL_NULL_CONVERSION = YES;
				CLANG_WARN_OBJC_IMPLICIT_RETAIN_SELF = YES;
				CLANG_WARN_OBJC_LITERAL_CONVERSION = YES;
				CLANG_WARN_OBJC_ROOT_CLASS = YES_ERROR;
				CLANG_WARN_RANGE_LOOP_ANALYSIS = YES;
				CLANG_WARN_STRICT_PROTOTYPES = YES;
				CLANG_WARN_SUSPICIOUS_MOVE = YES;
				CLANG_WARN_UNGUARDED_AVAILABILITY = YES_AGGRESSIVE;
				CLANG_WARN_UNREACHABLE_CODE = YES;
				CLANG_WARN__DUPLICATE_METHOD_MATCH = YES;
				CODE_SIGN_IDENTITY = "iPhone Developer";
				COPY_PHASE_STRIP = NO;
				DEBUG_INFORMATION_FORMAT = dwarf;
				ENABLE_STRICT_OBJC_MSGSEND = YES;
				ENABLE_TESTABILITY = YES;
				GCC_C_LANGUAGE_STANDARD = gnu11;
				GCC_DYNAMIC_NO_PIC = NO;
				GCC_NO_COMMON_BLOCKS = YES;
				GCC_OPTIMIZATION_LEVEL = 0;
				GCC_PREPROCESSOR_DEFINITIONS = (
					"DEBUG=1",
					"$(inherited)",
				);
				GCC_WARN_64_TO_32_BIT_CONVERSION = YES;
				GCC_WARN_ABOUT_RETURN_TYPE = YES_ERROR;
				GCC_WARN_UNDECLARED_SELECTOR = YES;
				GCC_WARN_UNINITIALIZED_AUTOS = YES_AGGRESSIVE;
				GCC_WARN_UNUSED_FUNCTION = YES;
				GCC_WARN_UNUSED_VARIABLE = YES;
				IPHONEOS_DEPLOYMENT_TARGET = 12.2;
				MTL_ENABLE_DEBUG_INFO = INCLUDE_SOURCE;
				MTL_FAST_MATH = YES;
				ONLY_ACTIVE_ARCH = YES;
				SDKROOT = iphoneos;
				SWIFT_ACTIVE_COMPILATION_CONDITIONS = DEBUG;
				SWIFT_OPTIMIZATION_LEVEL = "-Onone";
			};
			name = Debug;
		};
		6E4DDFA522F7278D00C979ED /* Release */ = {
			isa = XCBuildConfiguration;
			buildSettings = {
				ALWAYS_SEARCH_USER_PATHS = NO;
				CLANG_ANALYZER_NONNULL = YES;
				CLANG_ANALYZER_NUMBER_OBJECT_CONVERSION = YES_AGGRESSIVE;
				CLANG_CXX_LANGUAGE_STANDARD = "gnu++14";
				CLANG_CXX_LIBRARY = "libc++";
				CLANG_ENABLE_MODULES = YES;
				CLANG_ENABLE_OBJC_ARC = YES;
				CLANG_ENABLE_OBJC_WEAK = YES;
				CLANG_WARN_BLOCK_CAPTURE_AUTORELEASING = YES;
				CLANG_WARN_BOOL_CONVERSION = YES;
				CLANG_WARN_COMMA = YES;
				CLANG_WARN_CONSTANT_CONVERSION = YES;
				CLANG_WARN_DEPRECATED_OBJC_IMPLEMENTATIONS = YES;
				CLANG_WARN_DIRECT_OBJC_ISA_USAGE = YES_ERROR;
				CLANG_WARN_DOCUMENTATION_COMMENTS = YES;
				CLANG_WARN_EMPTY_BODY = YES;
				CLANG_WARN_ENUM_CONVERSION = YES;
				CLANG_WARN_INFINITE_RECURSION = YES;
				CLANG_WARN_INT_CONVERSION = YES;
				CLANG_WARN_NON_LITERAL_NULL_CONVERSION = YES;
				CLANG_WARN_OBJC_IMPLICIT_RETAIN_SELF = YES;
				CLANG_WARN_OBJC_LITERAL_CONVERSION = YES;
				CLANG_WARN_OBJC_ROOT_CLASS = YES_ERROR;
				CLANG_WARN_RANGE_LOOP_ANALYSIS = YES;
				CLANG_WARN_STRICT_PROTOTYPES = YES;
				CLANG_WARN_SUSPICIOUS_MOVE = YES;
				CLANG_WARN_UNGUARDED_AVAILABILITY = YES_AGGRESSIVE;
				CLANG_WARN_UNREACHABLE_CODE = YES;
				CLANG_WARN__DUPLICATE_METHOD_MATCH = YES;
				CODE_SIGN_IDENTITY = "iPhone Developer";
				COPY_PHASE_STRIP = NO;
				DEBUG_INFORMATION_FORMAT = "dwarf-with-dsym";
				ENABLE_NS_ASSERTIONS = NO;
				ENABLE_STRICT_OBJC_MSGSEND = YES;
				GCC_C_LANGUAGE_STANDARD = gnu11;
				GCC_NO_COMMON_BLOCKS = YES;
				GCC_WARN_64_TO_32_BIT_CONVERSION = YES;
				GCC_WARN_ABOUT_RETURN_TYPE = YES_ERROR;
				GCC_WARN_UNDECLARED_SELECTOR = YES;
				GCC_WARN_UNINITIALIZED_AUTOS = YES_AGGRESSIVE;
				GCC_WARN_UNUSED_FUNCTION = YES;
				GCC_WARN_UNUSED_VARIABLE = YES;
				IPHONEOS_DEPLOYMENT_TARGET = 12.2;
				MTL_ENABLE_DEBUG_INFO = NO;
				MTL_FAST_MATH = YES;
				SDKROOT = iphoneos;
				SWIFT_COMPILATION_MODE = wholemodule;
				SWIFT_OPTIMIZATION_LEVEL = "-O";
				VALIDATE_PRODUCT = YES;
			};
			name = Release;
		};
		6E4DDFA722F7278D00C979ED /* Debug */ = {
			isa = XCBuildConfiguration;
			buildSettings = {
				ASSETCATALOG_COMPILER_APPICON_NAME = AppIcon;
				CODE_SIGN_STYLE = Automatic;
				DEVELOPMENT_TEAM = GS5V74YKY3;
				INFOPLIST_FILE = Movies/Info.plist;
				IPHONEOS_DEPLOYMENT_TARGET = 12.4;
				LD_RUNPATH_SEARCH_PATHS = (
					"$(inherited)",
					"@executable_path/Frameworks",
				);
				PRODUCT_BUNDLE_IDENTIFIER = LightLizacom.example.Movies;
				PRODUCT_NAME = "$(TARGET_NAME)";
				SWIFT_VERSION = 5.0;
				TARGETED_DEVICE_FAMILY = "1,2";
			};
			name = Debug;
		};
		6E4DDFA822F7278D00C979ED /* Release */ = {
			isa = XCBuildConfiguration;
			buildSettings = {
				ASSETCATALOG_COMPILER_APPICON_NAME = AppIcon;
				CODE_SIGN_STYLE = Automatic;
				DEVELOPMENT_TEAM = GS5V74YKY3;
				INFOPLIST_FILE = Movies/Info.plist;
				IPHONEOS_DEPLOYMENT_TARGET = 12.4;
				LD_RUNPATH_SEARCH_PATHS = (
					"$(inherited)",
					"@executable_path/Frameworks",
				);
				PRODUCT_BUNDLE_IDENTIFIER = LightLizacom.example.Movies;
				PRODUCT_NAME = "$(TARGET_NAME)";
				SWIFT_VERSION = 5.0;
				TARGETED_DEVICE_FAMILY = "1,2";
			};
			name = Release;
		};
/* End XCBuildConfiguration section */

/* Begin XCConfigurationList section */
		6E4DDF8F22F7278900C979ED /* Build configuration list for PBXProject "Movies" */ = {
			isa = XCConfigurationList;
			buildConfigurations = (
				6E4DDFA422F7278D00C979ED /* Debug */,
				6E4DDFA522F7278D00C979ED /* Release */,
			);
			defaultConfigurationIsVisible = 0;
			defaultConfigurationName = Release;
		};
		6E4DDFA622F7278D00C979ED /* Build configuration list for PBXNativeTarget "Movies" */ = {
			isa = XCConfigurationList;
			buildConfigurations = (
				6E4DDFA722F7278D00C979ED /* Debug */,
				6E4DDFA822F7278D00C979ED /* Release */,
			);
			defaultConfigurationIsVisible = 0;
			defaultConfigurationName = Release;
		};
/* End XCConfigurationList section */
	};
	rootObject = 6E4DDF8C22F7278900C979ED /* Project object */;
}
